
Microsoft Visual Studio Solution File, Format Version 12.00
# Visual Studio 15
VisualStudioVersion = 15.0.28010.2050
MinimumVisualStudioVersion = 10.0.40219.1
Project("{FAE04EC0-301F-11D3-BF4B-00C04F79EFBC}") = "GlenThomas.NetCore.Api", "GlenThomas.NetCore.Api\GlenThomas.NetCore.Api.csproj", "{BBB40F85-0EA1-4C71-ABA2-F029DC6A2BD9}"
EndProject
Project("{2150E333-8FDC-42A3-9474-1A3956D46DE8}") = "Src", "Src", "{CC1666AD-84D1-4703-A195-3BFF559A06DA}"
EndProject
Project("{2150E333-8FDC-42A3-9474-1A3956D46DE8}") = "Common", "Common", "{30A87312-41DE-49B2-A0FA-0FAB0347017B}"
EndProject
Project("{2150E333-8FDC-42A3-9474-1A3956D46DE8}") = "Core", "Core", "{447A4D27-E8D3-4FD4-96ED-D949FCB31A13}"
EndProject
Project("{2150E333-8FDC-42A3-9474-1A3956D46DE8}") = "Infrastructure", "Infrastructure", "{0E333FBA-A695-4A37-9A6F-0F4E714C5D70}"
EndProject
Project("{2150E333-8FDC-42A3-9474-1A3956D46DE8}") = "Presentation", "Presentation", "{A38EE964-6A84-4330-8129-C3531316238A}"
EndProject
Project("{FAE04EC0-301F-11D3-BF4B-00C04F79EFBC}") = "GlenThomas.NetCore.Common", "GlenThomas.NetCore.Common\GlenThomas.NetCore.Common.csproj", "{4B9DE90C-800B-48C8-B6A0-E56111E1BCC4}"
EndProject
Project("{FAE04EC0-301F-11D3-BF4B-00C04F79EFBC}") = "GlenThomas.NetCore.Application", "GlenThomas.NetCore.Application\GlenThomas.NetCore.Application.csproj", "{B70ECE9C-7DAD-4E29-BA9C-FAD1D2A8401B}"
EndProject
Project("{FAE04EC0-301F-11D3-BF4B-00C04F79EFBC}") = "GlenThomas.NetCore.Domain", "GlenThomas.NetCore.Domain\GlenThomas.NetCore.Domain.csproj", "{68162F7F-4219-40B3-879C-4173D2CB03F2}"
EndProject
Project("{FAE04EC0-301F-11D3-BF4B-00C04F79EFBC}") = "GlenThomas.NetCore.Infrastructure", "GlenThomas.NetCore.Infrastructure\GlenThomas.NetCore.Infrastructure.csproj", "{BE444984-727C-4673-BA9F-9622A1F598D9}"
EndProject
Project("{FAE04EC0-301F-11D3-BF4B-00C04F79EFBC}") = "GlenThomas.NetCore.Persistence", "GlenThomas.NetCore.Persistence\GlenThomas.NetCore.Persistence.csproj", "{1DDF10CB-9122-4C61-9673-4AD13139ED96}"
EndProject
Project("{2150E333-8FDC-42A3-9474-1A3956D46DE8}") = "Docs", "Docs", "{453F2994-6462-40A7-8CD0-53A784FB4B4C}"
EndProject
Project("{2150E333-8FDC-42A3-9474-1A3956D46DE8}") = "Tests", "Tests", "{1DB0BD63-AEC2-49C7-84D0-0B029E917D0A}"
EndProject
Project("{FAE04EC0-301F-11D3-BF4B-00C04F79EFBC}") = "GlenThomas.NetCore.Domain.Tests", "GlenThomas.NetCore.Domain.Tests\GlenThomas.NetCore.Domain.Tests.csproj", "{6E010B2F-1054-494E-B153-1914E220F948}"
EndProject
Project("{FAE04EC0-301F-11D3-BF4B-00C04F79EFBC}") = "GlenThomas.NetCore.Application.Tests", "GlenThomas.NetCore.Application.Tests\GlenThomas.NetCore.Application.Tests.csproj", "{B603E16F-68EE-4541-9BF2-C5112861BC58}"
EndProject
Global
	GlobalSection(SolutionConfigurationPlatforms) = preSolution
		Debug|Any CPU = Debug|Any CPU
		Release|Any CPU = Release|Any CPU
	EndGlobalSection
	GlobalSection(ProjectConfigurationPlatforms) = postSolution
		{BBB40F85-0EA1-4C71-ABA2-F029DC6A2BD9}.Debug|Any CPU.ActiveCfg = Debug|Any CPU
		{BBB40F85-0EA1-4C71-ABA2-F029DC6A2BD9}.Debug|Any CPU.Build.0 = Debug|Any CPU
		{BBB40F85-0EA1-4C71-ABA2-F029DC6A2BD9}.Release|Any CPU.ActiveCfg = Release|Any CPU
		{BBB40F85-0EA1-4C71-ABA2-F029DC6A2BD9}.Release|Any CPU.Build.0 = Release|Any CPU
		{4B9DE90C-800B-48C8-B6A0-E56111E1BCC4}.Debug|Any CPU.ActiveCfg = Debug|Any CPU
		{4B9DE90C-800B-48C8-B6A0-E56111E1BCC4}.Debug|Any CPU.Build.0 = Debug|Any CPU
		{4B9DE90C-800B-48C8-B6A0-E56111E1BCC4}.Release|Any CPU.ActiveCfg = Release|Any CPU
		{4B9DE90C-800B-48C8-B6A0-E56111E1BCC4}.Release|Any CPU.Build.0 = Release|Any CPU
		{B70ECE9C-7DAD-4E29-BA9C-FAD1D2A8401B}.Debug|Any CPU.ActiveCfg = Debug|Any CPU
		{B70ECE9C-7DAD-4E29-BA9C-FAD1D2A8401B}.Debug|Any CPU.Build.0 = Debug|Any CPU
		{B70ECE9C-7DAD-4E29-BA9C-FAD1D2A8401B}.Release|Any CPU.ActiveCfg = Release|Any CPU
		{B70ECE9C-7DAD-4E29-BA9C-FAD1D2A8401B}.Release|Any CPU.Build.0 = Release|Any CPU
		{68162F7F-4219-40B3-879C-4173D2CB03F2}.Debug|Any CPU.ActiveCfg = Debug|Any CPU
		{68162F7F-4219-40B3-879C-4173D2CB03F2}.Debug|Any CPU.Build.0 = Debug|Any CPU
		{68162F7F-4219-40B3-879C-4173D2CB03F2}.Release|Any CPU.ActiveCfg = Release|Any CPU
		{68162F7F-4219-40B3-879C-4173D2CB03F2}.Release|Any CPU.Build.0 = Release|Any CPU
		{BE444984-727C-4673-BA9F-9622A1F598D9}.Debug|Any CPU.ActiveCfg = Debug|Any CPU
		{BE444984-727C-4673-BA9F-9622A1F598D9}.Debug|Any CPU.Build.0 = Debug|Any CPU
		{BE444984-727C-4673-BA9F-9622A1F598D9}.Release|Any CPU.ActiveCfg = Release|Any CPU
		{BE444984-727C-4673-BA9F-9622A1F598D9}.Release|Any CPU.Build.0 = Release|Any CPU
		{1DDF10CB-9122-4C61-9673-4AD13139ED96}.Debug|Any CPU.ActiveCfg = Debug|Any CPU
		{1DDF10CB-9122-4C61-9673-4AD13139ED96}.Debug|Any CPU.Build.0 = Debug|Any CPU
		{1DDF10CB-9122-4C61-9673-4AD13139ED96}.Release|Any CPU.ActiveCfg = Release|Any CPU
		{1DDF10CB-9122-4C61-9673-4AD13139ED96}.Release|Any CPU.Build.0 = Release|Any CPU
		{6E010B2F-1054-494E-B153-1914E220F948}.Debug|Any CPU.ActiveCfg = Debug|Any CPU
		{6E010B2F-1054-494E-B153-1914E220F948}.Debug|Any CPU.Build.0 = Debug|Any CPU
		{6E010B2F-1054-494E-B153-1914E220F948}.Release|Any CPU.ActiveCfg = Release|Any CPU
		{6E010B2F-1054-494E-B153-1914E220F948}.Release|Any CPU.Build.0 = Release|Any CPU
		{B603E16F-68EE-4541-9BF2-C5112861BC58}.Debug|Any CPU.ActiveCfg = Debug|Any CPU
		{B603E16F-68EE-4541-9BF2-C5112861BC58}.Debug|Any CPU.Build.0 = Debug|Any CPU
		{B603E16F-68EE-4541-9BF2-C5112861BC58}.Release|Any CPU.ActiveCfg = Release|Any CPU
		{B603E16F-68EE-4541-9BF2-C5112861BC58}.Release|Any CPU.Build.0 = Release|Any CPU
	EndGlobalSection
	GlobalSection(SolutionProperties) = preSolution
		HideSolutionNode = FALSE
	EndGlobalSection
	GlobalSection(NestedProjects) = preSolution
		{BBB40F85-0EA1-4C71-ABA2-F029DC6A2BD9} = {A38EE964-6A84-4330-8129-C3531316238A}
		{30A87312-41DE-49B2-A0FA-0FAB0347017B} = {CC1666AD-84D1-4703-A195-3BFF559A06DA}
		{447A4D27-E8D3-4FD4-96ED-D949FCB31A13} = {CC1666AD-84D1-4703-A195-3BFF559A06DA}
		{0E333FBA-A695-4A37-9A6F-0F4E714C5D70} = {CC1666AD-84D1-4703-A195-3BFF559A06DA}
		{A38EE964-6A84-4330-8129-C3531316238A} = {CC1666AD-84D1-4703-A195-3BFF559A06DA}
		{4B9DE90C-800B-48C8-B6A0-E56111E1BCC4} = {30A87312-41DE-49B2-A0FA-0FAB0347017B}
		{B70ECE9C-7DAD-4E29-BA9C-FAD1D2A8401B} = {447A4D27-E8D3-4FD4-96ED-D949FCB31A13}
		{68162F7F-4219-40B3-879C-4173D2CB03F2} = {447A4D27-E8D3-4FD4-96ED-D949FCB31A13}
		{BE444984-727C-4673-BA9F-9622A1F598D9} = {0E333FBA-A695-4A37-9A6F-0F4E714C5D70}
		{1DDF10CB-9122-4C61-9673-4AD13139ED96} = {0E333FBA-A695-4A37-9A6F-0F4E714C5D70}
		{6E010B2F-1054-494E-B153-1914E220F948} = {1DB0BD63-AEC2-49C7-84D0-0B029E917D0A}
		{B603E16F-68EE-4541-9BF2-C5112861BC58} = {1DB0BD63-AEC2-49C7-84D0-0B029E917D0A}
	EndGlobalSection
	GlobalSection(ExtensibilityGlobals) = postSolution
		SolutionGuid = {FFEB673A-A503-4DCF-8EE3-40AC669B595A}
	EndGlobalSection
EndGlobal
